
Microsoft Visual Studio Solution File, Format Version 12.00
# Visual Studio Version 17
VisualStudioVersion = 17.0.31919.166
MinimumVisualStudioVersion = 10.0.40219.1
Project("{9A19103F-16F7-4668-BE54-9A1E7A4F7556}") = "WpfYuanshenHelper", "WpfYuanshenHelper\WpfYuanshenHelper.csproj", "{360F7FF1-C7E5-478D-81FC-374B1141E058}"
EndProject
Global
	GlobalSection(SolutionConfigurationPlatforms) = preSolution
		Debug|Any CPU = Debug|Any CPU
		Release|Any CPU = Release|Any CPU
	EndGlobalSection
	GlobalSection(ProjectConfigurationPlatforms) = postSolution
		{360F7FF1-C7E5-478D-81FC-374B1141E058}.Debug|Any CPU.ActiveCfg = Debug|Any CPU
		{360F7FF1-C7E5-478D-81FC-374B1141E058}.Debug|Any CPU.Build.0 = Debug|Any CPU
		{360F7FF1-C7E5-478D-81FC-374B1141E058}.Release|Any CPU.ActiveCfg = Release|Any CPU
		{360F7FF1-C7E5-478D-81FC-374B1141E058}.Release|Any CPU.Build.0 = Release|Any CPU
	EndGlobalSection
	GlobalSection(SolutionProperties) = preSolution
		HideSolutionNode = FALSE
	EndGlobalSection
	GlobalSection(ExtensibilityGlobals) = postSolution
		SolutionGuid = {66B00935-CCCF-4591-BB6D-EF943FEF16BD}
	EndGlobalSection
EndGlobal
